
Microsoft Visual Studio Solution File, Format Version 12.00
# Visual Studio 14
VisualStudioVersion = 14.0.25420.1
MinimumVisualStudioVersion = 10.0.40219.1
Project("{2150E333-8FDC-42A3-9474-1A3956D46DE8}") = "src", "src", "{6D4F14E7-92ED-4F11-A3B2-56DFFD4F2355}"
EndProject
Project("{2150E333-8FDC-42A3-9474-1A3956D46DE8}") = "Solution Items", "Solution Items", "{80A7418F-137D-4CC9-8DE6-CA144512039A}"
	ProjectSection(SolutionItems) = preProject
		global.json = global.json
	EndProjectSection
EndProject
Project("{8BB2217D-0F2D-49D1-97BC-3654ED321F3B}") = "PDF.Server", "src\PDF.Server\PDF.Server.xproj", "{B82F4F1D-940F-4C2E-84C1-38448C763201}"
EndProject
	ProjectSection(ProjectDependencies) = postProject
		{70FF3CBF-9B52-4F1F-B3BF-1D0AD32FE301} = {70FF3CBF-9B52-4F1F-B3BF-1D0AD32FE301}
	EndProjectSection
EndProject
Global
	GlobalSection(SolutionConfigurationPlatforms) = preSolution
		Debug|Any CPU = Debug|Any CPU
		Release|Any CPU = Release|Any CPU
	EndGlobalSection
	GlobalSection(ProjectConfigurationPlatforms) = postSolution
		{B82F4F1D-940F-4C2E-84C1-38448C763201}.Debug|Any CPU.ActiveCfg = Debug|Any CPU
		{B82F4F1D-940F-4C2E-84C1-38448C763201}.Debug|Any CPU.Build.0 = Debug|Any CPU
		{B82F4F1D-940F-4C2E-84C1-38448C763201}.Release|Any CPU.ActiveCfg = Release|Any CPU
		{B82F4F1D-940F-4C2E-84C1-38448C763201}.Release|Any CPU.Build.0 = Release|Any CPU
		{FF1DB058-3D10-4065-A42B-E9EB5BEB0982}.Debug|Any CPU.ActiveCfg = Debug|Any CPU
		{FF1DB058-3D10-4065-A42B-E9EB5BEB0982}.Debug|Any CPU.Build.0 = Debug|Any CPU
		{FF1DB058-3D10-4065-A42B-E9EB5BEB0982}.Release|Any CPU.ActiveCfg = Release|Any CPU
		{FF1DB058-3D10-4065-A42B-E9EB5BEB0982}.Release|Any CPU.Build.0 = Release|Any CPU
		{70FF3CBF-9B52-4F1F-B3BF-1D0AD32FE301}.Debug|Any CPU.ActiveCfg = Debug|Any CPU
		{70FF3CBF-9B52-4F1F-B3BF-1D0AD32FE301}.Debug|Any CPU.Build.0 = Debug|Any CPU
		{70FF3CBF-9B52-4F1F-B3BF-1D0AD32FE301}.Release|Any CPU.ActiveCfg = Release|Any CPU
		{70FF3CBF-9B52-4F1F-B3BF-1D0AD32FE301}.Release|Any CPU.Build.0 = Release|Any CPU
		{6A183EFE-807B-46F0-BA9D-F8A85F2E4C81}.Debug|Any CPU.ActiveCfg = Debug|Any CPU
		{6A183EFE-807B-46F0-BA9D-F8A85F2E4C81}.Debug|Any CPU.Build.0 = Debug|Any CPU
		{6A183EFE-807B-46F0-BA9D-F8A85F2E4C81}.Release|Any CPU.ActiveCfg = Release|Any CPU
		{6A183EFE-807B-46F0-BA9D-F8A85F2E4C81}.Release|Any CPU.Build.0 = Release|Any CPU
	EndGlobalSection
	GlobalSection(SolutionProperties) = preSolution
		HideSolutionNode = FALSE
	EndGlobalSection
	GlobalSection(NestedProjects) = preSolution
		{B82F4F1D-940F-4C2E-84C1-38448C763201} = {6D4F14E7-92ED-4F11-A3B2-56DFFD4F2355}
		{70FF3CBF-9B52-4F1F-B3BF-1D0AD32FE301} = {6D4F14E7-92ED-4F11-A3B2-56DFFD4F2355}
		{6A183EFE-807B-46F0-BA9D-F8A85F2E4C81} = {6D4F14E7-92ED-4F11-A3B2-56DFFD4F2355}
	EndGlobalSection
EndGlobal
