
Microsoft Visual Studio Solution File, Format Version 12.00
# Visual Studio 15
VisualStudioVersion = 15.0.28010.2046
MinimumVisualStudioVersion = 10.0.40219.1
Project("{2150E333-8FDC-42A3-9474-1A3956D46DE8}") = "src", "src", "{6D4F14E7-92ED-4F11-A3B2-56DFFD4F2355}"
EndProject
Project("{2150E333-8FDC-42A3-9474-1A3956D46DE8}") = "Solution Items", "Solution Items", "{80A7418F-137D-4CC9-8DE6-CA144512039A}"
	ProjectSection(SolutionItems) = preProject
		global.json = global.json
	EndProjectSection
EndProject
Project("{9A19103F-16F7-4668-BE54-9A1E7A4F7556}") = "PDF.Server", "src\PDF.Server\PDF.Server.csproj", "{B82F4F1D-940F-4C2E-84C1-38448C763201}"
EndProject
Global
	GlobalSection(SolutionConfigurationPlatforms) = preSolution
		Debug|Any CPU = Debug|Any CPU
		Release|Any CPU = Release|Any CPU
	EndGlobalSection
	GlobalSection(ProjectConfigurationPlatforms) = postSolution
		{B82F4F1D-940F-4C2E-84C1-38448C763201}.Debug|Any CPU.ActiveCfg = Debug|Any CPU
		{B82F4F1D-940F-4C2E-84C1-38448C763201}.Debug|Any CPU.Build.0 = Debug|Any CPU
		{B82F4F1D-940F-4C2E-84C1-38448C763201}.Release|Any CPU.ActiveCfg = Release|Any CPU
		{B82F4F1D-940F-4C2E-84C1-38448C763201}.Release|Any CPU.Build.0 = Release|Any CPU
	EndGlobalSection
	GlobalSection(SolutionProperties) = preSolution
		HideSolutionNode = FALSE
	EndGlobalSection
	GlobalSection(NestedProjects) = preSolution
		{B82F4F1D-940F-4C2E-84C1-38448C763201} = {6D4F14E7-92ED-4F11-A3B2-56DFFD4F2355}
	EndGlobalSection
	GlobalSection(ExtensibilityGlobals) = postSolution
		SolutionGuid = {50C045F8-9FDD-4924-B106-C38272CCE257}
	EndGlobalSection
EndGlobal
