Microsoft Visual Studio Solution File, Format Version 12.00
# Visual Studio 15
VisualStudioVersion = 15.0.26114.2
MinimumVisualStudioVersion = 10.0.40219.1
Project("{2150E333-8FDC-42A3-9474-1A3956D46DE8}") = "src", "src", "{6D4F14E7-92ED-4F11-A3B2-56DFFD4F2355}"
EndProject
Project("{9A19103F-16F7-4668-BE54-9A1E7A4F7556}") = "CCW", "src\CCW\CCW.csproj", "{B82F4F1D-940F-4C2E-84C1-38448C763201}"
EndProject
Project("{9A19103F-16F7-4668-BE54-9A1E7A4F7556}") = "SchoolBusCommon", "..\Common\src\SchoolBusCommon\SchoolBusCommon.csproj", "{FF1DB058-3D10-4065-A42B-E9EB5BEB0982}"
EndProject
Project("{9A19103F-16F7-4668-BE54-9A1E7A4F7556}") = "Schoolbus.WS.CCW.Reference", "src\Schoolbus.WS.Ccw.Reference\Schoolbus.WS.CCW.Reference.xproj", "{70FF3CBF-9B52-4F1F-B3BF-1D0AD32FE301}"
EndProject
Project("{9A19103F-16F7-4668-BE54-9A1E7A4F7556}") = "Schoolbus.WS.CCW.Facade", "src\Schoolbus.WS.CcwFacade\Schoolbus.WS.CCW.Facade.xproj", "{6A183EFE-807B-46F0-BA9D-F8A85F2E4C81}"
	ProjectSection(ProjectDependencies) = postProject
		{70FF3CBF-9B52-4F1F-B3BF-1D0AD32FE301} = {70FF3CBF-9B52-4F1F-B3BF-1D0AD32FE301}
	EndProjectSection
EndProject
Project("{9A19103F-16F7-4668-BE54-9A1E7A4F7556}") = "Schoolbus.WS.Ccw.Reference", "src\Schoolbus.WS.Ccw.Reference\Schoolbus.WS.Ccw.Reference.csproj", "{8F112451-B2C0-48EB-AF92-5773B6656E1A}"
EndProject
Project("{9A19103F-16F7-4668-BE54-9A1E7A4F7556}") = "Schoolbus.WS.CcwFacade", "src\Schoolbus.WS.CcwFacade\Schoolbus.WS.CcwFacade.csproj", "{1CC9F48D-15B9-4A17-99BF-EA7D03157CDC}"
EndProject
Global
	GlobalSection(SolutionConfigurationPlatforms) = preSolution
		Debug|Any CPU = Debug|Any CPU
		Debug|x64 = Debug|x64
		Debug|x86 = Debug|x86
		Release|Any CPU = Release|Any CPU
		Release|x64 = Release|x64
		Release|x86 = Release|x86
	EndGlobalSection
	GlobalSection(ProjectConfigurationPlatforms) = postSolution
		{B82F4F1D-940F-4C2E-84C1-38448C763201}.Debug|Any CPU.ActiveCfg = Debug|Any CPU
		{B82F4F1D-940F-4C2E-84C1-38448C763201}.Debug|Any CPU.Build.0 = Debug|Any CPU
		{B82F4F1D-940F-4C2E-84C1-38448C763201}.Debug|x64.ActiveCfg = Debug|Any CPU
		{B82F4F1D-940F-4C2E-84C1-38448C763201}.Debug|x64.Build.0 = Debug|Any CPU
		{B82F4F1D-940F-4C2E-84C1-38448C763201}.Debug|x86.ActiveCfg = Debug|Any CPU
		{B82F4F1D-940F-4C2E-84C1-38448C763201}.Debug|x86.Build.0 = Debug|Any CPU
		{B82F4F1D-940F-4C2E-84C1-38448C763201}.Release|Any CPU.ActiveCfg = Release|Any CPU
		{B82F4F1D-940F-4C2E-84C1-38448C763201}.Release|Any CPU.Build.0 = Release|Any CPU
		{B82F4F1D-940F-4C2E-84C1-38448C763201}.Release|x64.ActiveCfg = Release|Any CPU
		{B82F4F1D-940F-4C2E-84C1-38448C763201}.Release|x64.Build.0 = Release|Any CPU
		{B82F4F1D-940F-4C2E-84C1-38448C763201}.Release|x86.ActiveCfg = Release|Any CPU
		{B82F4F1D-940F-4C2E-84C1-38448C763201}.Release|x86.Build.0 = Release|Any CPU
		{FF1DB058-3D10-4065-A42B-E9EB5BEB0982}.Debug|Any CPU.ActiveCfg = Debug|Any CPU
		{FF1DB058-3D10-4065-A42B-E9EB5BEB0982}.Debug|Any CPU.Build.0 = Debug|Any CPU
		{FF1DB058-3D10-4065-A42B-E9EB5BEB0982}.Debug|x64.ActiveCfg = Debug|Any CPU
		{FF1DB058-3D10-4065-A42B-E9EB5BEB0982}.Debug|x64.Build.0 = Debug|Any CPU
		{FF1DB058-3D10-4065-A42B-E9EB5BEB0982}.Debug|x86.ActiveCfg = Debug|Any CPU
		{FF1DB058-3D10-4065-A42B-E9EB5BEB0982}.Debug|x86.Build.0 = Debug|Any CPU
		{FF1DB058-3D10-4065-A42B-E9EB5BEB0982}.Release|Any CPU.ActiveCfg = Release|Any CPU
		{FF1DB058-3D10-4065-A42B-E9EB5BEB0982}.Release|Any CPU.Build.0 = Release|Any CPU
		{FF1DB058-3D10-4065-A42B-E9EB5BEB0982}.Release|x64.ActiveCfg = Release|Any CPU
		{FF1DB058-3D10-4065-A42B-E9EB5BEB0982}.Release|x64.Build.0 = Release|Any CPU
		{FF1DB058-3D10-4065-A42B-E9EB5BEB0982}.Release|x86.ActiveCfg = Release|Any CPU
		{FF1DB058-3D10-4065-A42B-E9EB5BEB0982}.Release|x86.Build.0 = Release|Any CPU
		{70FF3CBF-9B52-4F1F-B3BF-1D0AD32FE301}.Debug|Any CPU.ActiveCfg = Debug|Any CPU
		{70FF3CBF-9B52-4F1F-B3BF-1D0AD32FE301}.Debug|Any CPU.Build.0 = Debug|Any CPU
		{70FF3CBF-9B52-4F1F-B3BF-1D0AD32FE301}.Debug|x64.ActiveCfg = Debug|Any CPU
		{70FF3CBF-9B52-4F1F-B3BF-1D0AD32FE301}.Debug|x86.ActiveCfg = Debug|Any CPU
		{70FF3CBF-9B52-4F1F-B3BF-1D0AD32FE301}.Release|Any CPU.ActiveCfg = Release|Any CPU
		{70FF3CBF-9B52-4F1F-B3BF-1D0AD32FE301}.Release|Any CPU.Build.0 = Release|Any CPU
		{70FF3CBF-9B52-4F1F-B3BF-1D0AD32FE301}.Release|x64.ActiveCfg = Release|Any CPU
		{70FF3CBF-9B52-4F1F-B3BF-1D0AD32FE301}.Release|x86.ActiveCfg = Release|Any CPU
		{6A183EFE-807B-46F0-BA9D-F8A85F2E4C81}.Debug|Any CPU.ActiveCfg = Debug|Any CPU
		{6A183EFE-807B-46F0-BA9D-F8A85F2E4C81}.Debug|Any CPU.Build.0 = Debug|Any CPU
		{6A183EFE-807B-46F0-BA9D-F8A85F2E4C81}.Debug|x64.ActiveCfg = Debug|Any CPU
		{6A183EFE-807B-46F0-BA9D-F8A85F2E4C81}.Debug|x86.ActiveCfg = Debug|Any CPU
		{6A183EFE-807B-46F0-BA9D-F8A85F2E4C81}.Release|Any CPU.ActiveCfg = Release|Any CPU
		{6A183EFE-807B-46F0-BA9D-F8A85F2E4C81}.Release|Any CPU.Build.0 = Release|Any CPU
		{6A183EFE-807B-46F0-BA9D-F8A85F2E4C81}.Release|x64.ActiveCfg = Release|Any CPU
		{6A183EFE-807B-46F0-BA9D-F8A85F2E4C81}.Release|x86.ActiveCfg = Release|Any CPU
		{8F112451-B2C0-48EB-AF92-5773B6656E1A}.Debug|Any CPU.ActiveCfg = Debug|Any CPU
		{8F112451-B2C0-48EB-AF92-5773B6656E1A}.Debug|Any CPU.Build.0 = Debug|Any CPU
		{8F112451-B2C0-48EB-AF92-5773B6656E1A}.Debug|x64.ActiveCfg = Debug|Any CPU
		{8F112451-B2C0-48EB-AF92-5773B6656E1A}.Debug|x64.Build.0 = Debug|Any CPU
		{8F112451-B2C0-48EB-AF92-5773B6656E1A}.Debug|x86.ActiveCfg = Debug|Any CPU
		{8F112451-B2C0-48EB-AF92-5773B6656E1A}.Debug|x86.Build.0 = Debug|Any CPU
		{8F112451-B2C0-48EB-AF92-5773B6656E1A}.Release|Any CPU.ActiveCfg = Release|Any CPU
		{8F112451-B2C0-48EB-AF92-5773B6656E1A}.Release|Any CPU.Build.0 = Release|Any CPU
		{8F112451-B2C0-48EB-AF92-5773B6656E1A}.Release|x64.ActiveCfg = Release|Any CPU
		{8F112451-B2C0-48EB-AF92-5773B6656E1A}.Release|x64.Build.0 = Release|Any CPU
		{8F112451-B2C0-48EB-AF92-5773B6656E1A}.Release|x86.ActiveCfg = Release|Any CPU
		{8F112451-B2C0-48EB-AF92-5773B6656E1A}.Release|x86.Build.0 = Release|Any CPU
		{1CC9F48D-15B9-4A17-99BF-EA7D03157CDC}.Debug|Any CPU.ActiveCfg = Debug|Any CPU
		{1CC9F48D-15B9-4A17-99BF-EA7D03157CDC}.Debug|Any CPU.Build.0 = Debug|Any CPU
		{1CC9F48D-15B9-4A17-99BF-EA7D03157CDC}.Debug|x64.ActiveCfg = Debug|Any CPU
		{1CC9F48D-15B9-4A17-99BF-EA7D03157CDC}.Debug|x64.Build.0 = Debug|Any CPU
		{1CC9F48D-15B9-4A17-99BF-EA7D03157CDC}.Debug|x86.ActiveCfg = Debug|Any CPU
		{1CC9F48D-15B9-4A17-99BF-EA7D03157CDC}.Debug|x86.Build.0 = Debug|Any CPU
		{1CC9F48D-15B9-4A17-99BF-EA7D03157CDC}.Release|Any CPU.ActiveCfg = Release|Any CPU
		{1CC9F48D-15B9-4A17-99BF-EA7D03157CDC}.Release|Any CPU.Build.0 = Release|Any CPU
		{1CC9F48D-15B9-4A17-99BF-EA7D03157CDC}.Release|x64.ActiveCfg = Release|Any CPU
		{1CC9F48D-15B9-4A17-99BF-EA7D03157CDC}.Release|x64.Build.0 = Release|Any CPU
		{1CC9F48D-15B9-4A17-99BF-EA7D03157CDC}.Release|x86.ActiveCfg = Release|Any CPU
		{1CC9F48D-15B9-4A17-99BF-EA7D03157CDC}.Release|x86.Build.0 = Release|Any CPU
	EndGlobalSection
	GlobalSection(SolutionProperties) = preSolution
		HideSolutionNode = FALSE
	EndGlobalSection
	GlobalSection(NestedProjects) = preSolution
		{B82F4F1D-940F-4C2E-84C1-38448C763201} = {6D4F14E7-92ED-4F11-A3B2-56DFFD4F2355}
		{70FF3CBF-9B52-4F1F-B3BF-1D0AD32FE301} = {6D4F14E7-92ED-4F11-A3B2-56DFFD4F2355}
		{6A183EFE-807B-46F0-BA9D-F8A85F2E4C81} = {6D4F14E7-92ED-4F11-A3B2-56DFFD4F2355}
		{8F112451-B2C0-48EB-AF92-5773B6656E1A} = {6D4F14E7-92ED-4F11-A3B2-56DFFD4F2355}
		{1CC9F48D-15B9-4A17-99BF-EA7D03157CDC} = {6D4F14E7-92ED-4F11-A3B2-56DFFD4F2355}
	EndGlobalSection
	GlobalSection(ExtensibilityGlobals) = postSolution
		SolutionGuid = {C327EE64-F4EF-4B46-A1E8-D3AF0CDB1D41}
	EndGlobalSection
EndGlobal
